
Microsoft Visual Studio Solution File, Format Version 12.00
# Visual Studio Version 17
VisualStudioVersion = 17.1.32328.378
MinimumVisualStudioVersion = 10.0.40219.1
Project("{FAE04EC0-301F-11D3-BF4B-00C04F79EFBC}") = "TahminOyunu", "TahminOyunu\TahminOyunu.csproj", "{85894FB8-8DE0-4A53-ACE7-AD4DD39D00B4}"
EndProject
Global
	GlobalSection(SolutionConfigurationPlatforms) = preSolution
		Debug|Any CPU = Debug|Any CPU
		Release|Any CPU = Release|Any CPU
	EndGlobalSection
	GlobalSection(ProjectConfigurationPlatforms) = postSolution
		{85894FB8-8DE0-4A53-ACE7-AD4DD39D00B4}.Debug|Any CPU.ActiveCfg = Debug|Any CPU
		{85894FB8-8DE0-4A53-ACE7-AD4DD39D00B4}.Debug|Any CPU.Build.0 = Debug|Any CPU
		{85894FB8-8DE0-4A53-ACE7-AD4DD39D00B4}.Release|Any CPU.ActiveCfg = Release|Any CPU
		{85894FB8-8DE0-4A53-ACE7-AD4DD39D00B4}.Release|Any CPU.Build.0 = Release|Any CPU
	EndGlobalSection
	GlobalSection(SolutionProperties) = preSolution
		HideSolutionNode = FALSE
	EndGlobalSection
	GlobalSection(ExtensibilityGlobals) = postSolution
		SolutionGuid = {3EE50EE1-2F05-413A-A553-AB2F4256A060}
	EndGlobalSection
EndGlobal
